
Microsoft Visual Studio Solution File, Format Version 12.00
# Visual Studio Version 16
VisualStudioVersion = 16.0.31624.102
MinimumVisualStudioVersion = 10.0.40219.1
Project("{FAE04EC0-301F-11D3-BF4B-00C04F79EFBC}") = "Lab4CSharp", "Lab4CSharp\Lab4CSharp.csproj", "{97207183-B6E2-46A0-AAFE-0329768ECD39}"
EndProject
Global
	GlobalSection(SolutionConfigurationPlatforms) = preSolution
		Debug|Any CPU = Debug|Any CPU
		Release|Any CPU = Release|Any CPU
	EndGlobalSection
	GlobalSection(ProjectConfigurationPlatforms) = postSolution
		{97207183-B6E2-46A0-AAFE-0329768ECD39}.Debug|Any CPU.ActiveCfg = Debug|Any CPU
		{97207183-B6E2-46A0-AAFE-0329768ECD39}.Debug|Any CPU.Build.0 = Debug|Any CPU
		{97207183-B6E2-46A0-AAFE-0329768ECD39}.Release|Any CPU.ActiveCfg = Release|Any CPU
		{97207183-B6E2-46A0-AAFE-0329768ECD39}.Release|Any CPU.Build.0 = Release|Any CPU
	EndGlobalSection
	GlobalSection(SolutionProperties) = preSolution
		HideSolutionNode = FALSE
	EndGlobalSection
	GlobalSection(ExtensibilityGlobals) = postSolution
		SolutionGuid = {CB530A5D-2053-42EF-B5E4-22DBA2460618}
	EndGlobalSection
EndGlobal
